PODS:
  - GoogleMaps (6.1.1):
    - GoogleMaps/Maps (= 6.1.1)
  - GoogleMaps/Base (6.1.1)
  - GoogleMaps/Maps (6.1.1):
    - GoogleMaps/Base
  - Realm (10.25.0):
    - Realm/Headers (= 10.25.0)
  - Realm/Headers (10.25.0)
  - RealmSwift (10.25.0):
    - Realm (= 10.25.0)

DEPENDENCIES:
  - GoogleMaps
  - RealmSwift

SPEC REPOS:
  trunk:
    - GoogleMaps
    - Realm
    - RealmSwift

SPEC CHECKSUMS:
  GoogleMaps: 94e6e0851beece6678af9f508f4918b7a7c61722
  Realm: 22a82aaa0e73f3483e3a6df32549c4c5cd34aa63
  RealmSwift: c2a635212400923edd3f828b8a37d55d3eb31863

PODFILE CHECKSUM: bfba59bcd20cb71a1b8452bbc5c5dae69985dac0

COCOAPODS: 1.11.3
